
Microsoft Visual Studio Solution File, Format Version 12.00
# Visual Studio 15
VisualStudioVersion = 15.0.27703.2042
MinimumVisualStudioVersion = 10.0.40219.1
Project("{FAE04EC0-301F-11D3-BF4B-00C04F79EFBC}") = "APIQuiz", "APIQuiz\APIQuiz.csproj", "{62D4A885-41A3-4D74-B8E8-538DD3A40EF1}"
EndProject
Global
	GlobalSection(SolutionConfigurationPlatforms) = preSolution
		Debug|Any CPU = Debug|Any CPU
		Release|Any CPU = Release|Any CPU
	EndGlobalSection
	GlobalSection(ProjectConfigurationPlatforms) = postSolution
		{62D4A885-41A3-4D74-B8E8-538DD3A40EF1}.Debug|Any CPU.ActiveCfg = Debug|Any CPU
		{62D4A885-41A3-4D74-B8E8-538DD3A40EF1}.Debug|Any CPU.Build.0 = Debug|Any CPU
		{62D4A885-41A3-4D74-B8E8-538DD3A40EF1}.Release|Any CPU.ActiveCfg = Release|Any CPU
		{62D4A885-41A3-4D74-B8E8-538DD3A40EF1}.Release|Any CPU.Build.0 = Release|Any CPU
	EndGlobalSection
	GlobalSection(SolutionProperties) = preSolution
		HideSolutionNode = FALSE
	EndGlobalSection
	GlobalSection(ExtensibilityGlobals) = postSolution
		SolutionGuid = {00BF760F-F4E1-4A8F-9B31-44BC597E513C}
	EndGlobalSection
EndGlobal
